
Microsoft Visual Studio Solution File, Format Version 12.00
# Visual Studio Version 17
VisualStudioVersion = 17.4.33205.214
MinimumVisualStudioVersion = 10.0.40219.1
Project("{FAE04EC0-301F-11D3-BF4B-00C04F79EFBC}") = "Exercicio3-5", "Exercicio3-5\Exercicio3-5.csproj", "{DA37E0B4-01B7-4A0E-859D-2E32FD2A224D}"
EndProject
Global
	GlobalSection(SolutionConfigurationPlatforms) = preSolution
		Debug|Any CPU = Debug|Any CPU
		Release|Any CPU = Release|Any CPU
	EndGlobalSection
	GlobalSection(ProjectConfigurationPlatforms) = postSolution
		{DA37E0B4-01B7-4A0E-859D-2E32FD2A224D}.Debug|Any CPU.ActiveCfg = Debug|Any CPU
		{DA37E0B4-01B7-4A0E-859D-2E32FD2A224D}.Debug|Any CPU.Build.0 = Debug|Any CPU
		{DA37E0B4-01B7-4A0E-859D-2E32FD2A224D}.Release|Any CPU.ActiveCfg = Release|Any CPU
		{DA37E0B4-01B7-4A0E-859D-2E32FD2A224D}.Release|Any CPU.Build.0 = Release|Any CPU
	EndGlobalSection
	GlobalSection(SolutionProperties) = preSolution
		HideSolutionNode = FALSE
	EndGlobalSection
	GlobalSection(ExtensibilityGlobals) = postSolution
		SolutionGuid = {E8E635D3-D913-4DD4-AB47-98D9560D2850}
	EndGlobalSection
EndGlobal
